
Microsoft Visual Studio Solution File, Format Version 12.00
# Visual Studio Version 16
VisualStudioVersion = 16.0.30907.101
MinimumVisualStudioVersion = 10.0.40219.1
Project("{FAE04EC0-301F-11D3-BF4B-00C04F79EFBC}") = "VocabularyApp", "VocabularyApp\VocabularyApp.csproj", "{73564D07-99BA-4371-862E-7A8DDE77F955}"
EndProject
Global
	GlobalSection(SolutionConfigurationPlatforms) = preSolution
		Debug|Any CPU = Debug|Any CPU
		Release|Any CPU = Release|Any CPU
	EndGlobalSection
	GlobalSection(ProjectConfigurationPlatforms) = postSolution
		{73564D07-99BA-4371-862E-7A8DDE77F955}.Debug|Any CPU.ActiveCfg = Debug|Any CPU
		{73564D07-99BA-4371-862E-7A8DDE77F955}.Debug|Any CPU.Build.0 = Debug|Any CPU
		{73564D07-99BA-4371-862E-7A8DDE77F955}.Release|Any CPU.ActiveCfg = Release|Any CPU
		{73564D07-99BA-4371-862E-7A8DDE77F955}.Release|Any CPU.Build.0 = Release|Any CPU
	EndGlobalSection
	GlobalSection(SolutionProperties) = preSolution
		HideSolutionNode = FALSE
	EndGlobalSection
	GlobalSection(ExtensibilityGlobals) = postSolution
		SolutionGuid = {660B56CD-E74B-4511-9EBA-749CDC06289E}
	EndGlobalSection
EndGlobal
